
Microsoft Visual Studio Solution File, Format Version 12.00
# Visual Studio 15
VisualStudioVersion = 15.0.26430.16
MinimumVisualStudioVersion = 10.0.40219.1
Project("{FAE04EC0-301F-11D3-BF4B-00C04F79EFBC}") = "Projeto01", "Projeto01\Projeto01.csproj", "{126D640C-7F0F-429D-BC0A-936850ABB4B6}"
EndProject
Project("{FAE04EC0-301F-11D3-BF4B-00C04F79EFBC}") = "Modelo", "Modelo\Modelo.csproj", "{881A5134-8B42-42E8-9AC9-1B3A80A89ED6}"
EndProject
Global
	GlobalSection(SolutionConfigurationPlatforms) = preSolution
		Debug|Any CPU = Debug|Any CPU
		Release|Any CPU = Release|Any CPU
	EndGlobalSection
	GlobalSection(ProjectConfigurationPlatforms) = postSolution
		{126D640C-7F0F-429D-BC0A-936850ABB4B6}.Debug|Any CPU.ActiveCfg = Debug|Any CPU
		{126D640C-7F0F-429D-BC0A-936850ABB4B6}.Debug|Any CPU.Build.0 = Debug|Any CPU
		{126D640C-7F0F-429D-BC0A-936850ABB4B6}.Release|Any CPU.ActiveCfg = Release|Any CPU
		{126D640C-7F0F-429D-BC0A-936850ABB4B6}.Release|Any CPU.Build.0 = Release|Any CPU
		{881A5134-8B42-42E8-9AC9-1B3A80A89ED6}.Debug|Any CPU.ActiveCfg = Debug|Any CPU
		{881A5134-8B42-42E8-9AC9-1B3A80A89ED6}.Debug|Any CPU.Build.0 = Debug|Any CPU
		{881A5134-8B42-42E8-9AC9-1B3A80A89ED6}.Release|Any CPU.ActiveCfg = Release|Any CPU
		{881A5134-8B42-42E8-9AC9-1B3A80A89ED6}.Release|Any CPU.Build.0 = Release|Any CPU
	EndGlobalSection
	GlobalSection(SolutionProperties) = preSolution
		HideSolutionNode = FALSE
	EndGlobalSection
EndGlobal
